<?xml version="1.0" encoding="utf-8"?>
<Project ToolsVersion="4.0" xmlns="http://schemas.microsoft.com/developer/msbuild/2003">
  <ItemGroup>
    <Filter Include="Source Files">
      <UniqueIdentifier>{4FC737F1-C7A5-4376-A066-2A32D752A2FF}</UniqueIdentifier>
      <Extensions>cpp;c;cc;cxx;def;odl;idl;hpj;bat;asm;asmx</Extensions>
    </Filter>
    <Filter Include="Header Files">
      <UniqueIdentifier>{93995380-89BD-4b04-88EB-625FBE52EBFB}</UniqueIdentifier>
      <Extensions>h;hpp;hxx;hm;inl;inc;xsd</Extensions>
    </Filter>
    <Filter Include="Resource Files">
      <UniqueIdentifier>{67DA6AB6-F800-4c08-8B7A-83BB121AAD01}</UniqueIdentifier>
      <Extensions>rc;ico;cur;bmp;dlg;rc2;rct;bin;rgs;gif;jpg;jpeg;jpe;resx;tiff;tif;png;wav</Extensions>
    </Filter>
  </ItemGroup>
  <ItemGroup>
    <ClCompile Include="Analysis.cpp">
      <Filter>Source Files</Filter>
    </ClCompile>
    <ClCompile Include="ConfigFile.cpp">
      <Filter>Source Files</Filter>
    </ClCompile>
    <ClCompile Include="float44.cpp">
      <Filter>Source Files</Filter>
    </ClCompile>
    <ClCompile Include="float444.cpp">
      <Filter>Source Files</Filter>
    </ClCompile>
    <ClCompile Include="float4444.cpp">
      <Filter>Source Files</Filter>
    </ClCompile>
    <ClCompile Include="GPUComputedTensor.cpp">
      <Filter>Source Files</Filter>
    </ClCompile>
    <ClCompile Include="GPUConstTensor.cpp">
      <Filter>Source Files</Filter>
    </ClCompile>
    <ClCompile Include="GPUDataDependentObject.cpp">
      <Filter>Source Files</Filter>
    </ClCompile>
    <ClCompile Include="GPUDataDependentObjectList.cpp">
      <Filter>Source Files</Filter>
    </ClCompile>
    <ClCompile Include="GPUDataStream.cpp">
      <Filter>Source Files</Filter>
    </ClCompile>
    <ClCompile Include="GPUFumiliFCN.cpp">
      <Filter>Source Files</Filter>
    </ClCompile>
    <ClCompile Include="GPUFumiliMinimize.cpp">
      <Filter>Source Files</Filter>
    </ClCompile>
    <ClCompile Include="GPUMetricTensor.cpp">
      <Filter>Source Files</Filter>
    </ClCompile>
    <ClCompile Include="GPUMinuitFCN.cpp">
      <Filter>Source Files</Filter>
    </ClCompile>
    <ClCompile Include="GPUOrbitalTensors.cpp">
      <Filter>Source Files</Filter>
    </ClCompile>
    <ClCompile Include="GPUPartialWave.cpp">
      <Filter>Source Files</Filter>
    </ClCompile>
    <ClCompile Include="GPUPartialWaveAnalysis.cpp">
      <Filter>Source Files</Filter>
    </ClCompile>
    <ClCompile Include="GPUPlotset.cpp">
      <Filter>Source Files</Filter>
    </ClCompile>
    <ClCompile Include="GPUPropagator.cpp">
      <Filter>Source Files</Filter>
    </ClCompile>
    <ClCompile Include="GPUPropagatorBreitWigner.cpp">
      <Filter>Source Files</Filter>
    </ClCompile>
    <ClCompile Include="GPUPWAAmplitudeCalculator.cpp">
      <Filter>Source Files</Filter>
    </ClCompile>
    <ClCompile Include="GPUPWACalculator.cpp">
      <Filter>Source Files</Filter>
    </ClCompile>
    <ClCompile Include="GPUPWAFreeCalculator.cpp">
      <Filter>Source Files</Filter>
    </ClCompile>
    <ClCompile Include="GPUSetOfPartialWaves.cpp">
      <Filter>Source Files</Filter>
    </ClCompile>
    <ClCompile Include="GPUStreamInputRootFileVector.cpp">
      <Filter>Source Files</Filter>
    </ClCompile>
    <ClCompile Include="GPUStreamInputTextFileVector.cpp">
      <Filter>Source Files</Filter>
    </ClCompile>
    <ClCompile Include="GPUStreamTensor.cpp">
      <Filter>Source Files</Filter>
    </ClCompile>
    <ClCompile Include="MnFunctionCross2.cxx">
      <Filter>Source Files</Filter>
    </ClCompile>
    <ClCompile Include="ParaCfg.cpp">
      <Filter>Source Files</Filter>
    </ClCompile>
    <ClCompile Include="Propagators.cpp">
      <Filter>Source Files</Filter>
    </ClCompile>
    <ClCompile Include="ResCfg.cpp">
      <Filter>Source Files</Filter>
    </ClCompile>
    <ClCompile Include="Tensors.cpp">
      <Filter>Source Files</Filter>
    </ClCompile>
    <ClCompile Include="Analysis_cpu.cpp">
      <Filter>Source Files</Filter>
    </ClCompile>
    <ClCompile Include="Compiler.cpp">
      <Filter>Source Files</Filter>
    </ClCompile>
    <ClCompile Include="Complex.cpp">
      <Filter>Source Files</Filter>
    </ClCompile>
    <ClCompile Include="Complex_cpu.cpp">
      <Filter>Source Files</Filter>
    </ClCompile>
    <ClCompile Include="Contractions.cpp">
      <Filter>Source Files</Filter>
    </ClCompile>
    <ClCompile Include="Contractions_cpu.cpp">
      <Filter>Source Files</Filter>
    </ClCompile>
    <ClCompile Include="DeviceInterface.cpp">
      <Filter>Source Files</Filter>
    </ClCompile>
    <ClCompile Include="GPUAntisymmetricTensor.cpp">
      <Filter>Source Files</Filter>
    </ClCompile>
    <ClCompile Include="GPUBasicPropagator.cpp">
      <Filter>Source Files</Filter>
    </ClCompile>
    <ClCompile Include="GPUChi2FitConstraint.cpp">
      <Filter>Source Files</Filter>
    </ClCompile>
    <ClCompile Include="GPUChi2FrFitConstraint.cpp">
      <Filter>Source Files</Filter>
    </ClCompile>
    <ClCompile Include="GPUComputedPropagator.cpp">
      <Filter>Source Files</Filter>
    </ClCompile>
    <ClCompile Include="GPUDataDependentObjectType.cpp">
      <Filter>Source Files</Filter>
    </ClCompile>
    <ClCompile Include="GPUDynamicalFunctionPVector.cpp">
      <Filter>Source Files</Filter>
    </ClCompile>
    <ClCompile Include="GPUDynamicalSumBW.cpp">
      <Filter>Source Files</Filter>
    </ClCompile>
    <ClCompile Include="GPUFactorizedPartialWave.cpp">
      <Filter>Source Files</Filter>
    </ClCompile>
    <ClCompile Include="GPUFactorizedRadiativePartialWave.cpp">
      <Filter>Source Files</Filter>
    </ClCompile>
    <ClCompile Include="GPUFileTable.cpp">
      <Filter>Source Files</Filter>
    </ClCompile>
    <ClCompile Include="GPUFitConstraint.cpp">
      <Filter>Source Files</Filter>
    </ClCompile>
    <ClCompile Include="GPUFitConstraintList.cpp">
      <Filter>Source Files</Filter>
    </ClCompile>
    <ClCompile Include="GPUGPerpStreamContainer.cpp">
      <Filter>Source Files</Filter>
    </ClCompile>
    <ClCompile Include="GPUIndexStream.cpp">
      <Filter>Source Files</Filter>
    </ClCompile>
    <ClCompile Include="GPULookupTable.cpp">
      <Filter>Source Files</Filter>
    </ClCompile>
    <ClCompile Include="GPUMainMemoryLookupTable.cpp">
      <Filter>Source Files</Filter>
    </ClCompile>
    <ClCompile Include="GPUMinimizationHistory.cpp">
      <Filter>Source Files</Filter>
    </ClCompile>
    <ClCompile Include="GPUMinosMinimizationHistory.cpp">
      <Filter>Source Files</Filter>
    </ClCompile>
    <ClCompile Include="GPUParameterDependentObject.cpp">
      <Filter>Source Files</Filter>
    </ClCompile>
    <ClCompile Include="GPUPartialWaveLookupTable.cpp">
      <Filter>Source Files</Filter>
    </ClCompile>
    <ClCompile Include="GPUPropagatorA980.cpp">
      <Filter>Source Files</Filter>
    </ClCompile>
    <ClCompile Include="GPUPropagatorComBW.cpp">
      <Filter>Source Files</Filter>
    </ClCompile>
    <ClCompile Include="GPUPropagatorDerivative.cpp">
      <Filter>Source Files</Filter>
    </ClCompile>
    <ClCompile Include="GPUPropagatorFile.cpp">
      <Filter>Source Files</Filter>
    </ClCompile>
    <ClCompile Include="GPUPropagatorFlatte2.cpp">
      <Filter>Source Files</Filter>
    </ClCompile>
    <ClCompile Include="GPUPropagatorFlatte3.cpp">
      <Filter>Source Files</Filter>
    </ClCompile>
    <ClCompile Include="GPUPropagatorFlatte4.cpp">
      <Filter>Source Files</Filter>
    </ClCompile>
    <ClCompile Include="GPUPropagatorGaussian.cpp">
      <Filter>Source Files</Filter>
    </ClCompile>
    <ClCompile Include="GPUPropagatorMassDependentBreitWigner.cpp">
      <Filter>Source Files</Filter>
    </ClCompile>
    <ClCompile Include="GPUPropagatorSigma.cpp">
      <Filter>Source Files</Filter>
    </ClCompile>
    <ClCompile Include="GPUPropagatorType.cpp">
      <Filter>Source Files</Filter>
    </ClCompile>
    <ClCompile Include="GPURuncounter.cpp">
      <Filter>Source Files</Filter>
    </ClCompile>
    <ClCompile Include="GPUStreamInputVector.cpp">
      <Filter>Source Files</Filter>
    </ClCompile>
    <ClCompile Include="GPUTensor.cpp">
      <Filter>Source Files</Filter>
    </ClCompile>
    <ClCompile Include="GPUUnFactorizedPartialWave.cpp">
      <Filter>Source Files</Filter>
    </ClCompile>
    <ClCompile Include="GPUUnFactorizedRadiativePartialWave.cpp">
      <Filter>Source Files</Filter>
    </ClCompile>
    <ClCompile Include="KernelFile.cpp">
      <Filter>Source Files</Filter>
    </ClCompile>
    <ClCompile Include="Orbitals.cpp">
      <Filter>Source Files</Filter>
    </ClCompile>
    <ClCompile Include="Orbitals_cpu.cpp">
      <Filter>Source Files</Filter>
    </ClCompile>
    <ClCompile Include="PrepareKernels.cpp">
      <Filter>Source Files</Filter>
    </ClCompile>
    <ClCompile Include="Propagators_cpu.cpp">
      <Filter>Source Files</Filter>
    </ClCompile>
    <ClCompile Include="Stream.cpp">
      <Filter>Source Files</Filter>
    </ClCompile>
    <ClCompile Include="Summing.cpp">
      <Filter>Source Files</Filter>
    </ClCompile>
    <ClCompile Include="Summing_cpu.cpp">
      <Filter>Source Files</Filter>
    </ClCompile>
    <ClCompile Include="Tensors_cpu.cpp">
      <Filter>Source Files</Filter>
    </ClCompile>
    <ClCompile Include="vector_operators.cpp">
      <Filter>Source Files</Filter>
    </ClCompile>
  </ItemGroup>
  <ItemGroup>
    <ClInclude Include="ConfigFile.h">
      <Filter>Header Files</Filter>
    </ClInclude>
    <ClInclude Include="FileCfg.h">
      <Filter>Header Files</Filter>
    </ClInclude>
    <ClInclude Include="float44.h">
      <Filter>Header Files</Filter>
    </ClInclude>
    <ClInclude Include="float444.h">
      <Filter>Header Files</Filter>
    </ClInclude>
    <ClInclude Include="float4444.h">
      <Filter>Header Files</Filter>
    </ClInclude>
    <ClInclude Include="GPUComputedTensor.h">
      <Filter>Header Files</Filter>
    </ClInclude>
    <ClInclude Include="GPUConstTensor.h">
      <Filter>Header Files</Filter>
    </ClInclude>
    <ClInclude Include="GPUDataDependentObject.h">
      <Filter>Header Files</Filter>
    </ClInclude>
    <ClInclude Include="GPUDataDependentObjectList.h">
      <Filter>Header Files</Filter>
    </ClInclude>
    <ClInclude Include="GPUDataStream.h">
      <Filter>Header Files</Filter>
    </ClInclude>
    <ClInclude Include="GPUFumiliFCN.h">
      <Filter>Header Files</Filter>
    </ClInclude>
    <ClInclude Include="GPUFumiliMinimize.h">
      <Filter>Header Files</Filter>
    </ClInclude>
    <ClInclude Include="GPUMetricTensor.h">
      <Filter>Header Files</Filter>
    </ClInclude>
    <ClInclude Include="GPUMinuitFCN.h">
      <Filter>Header Files</Filter>
    </ClInclude>
    <ClInclude Include="GPUOrbitalTensors.h">
      <Filter>Header Files</Filter>
    </ClInclude>
    <ClInclude Include="GPUPartialWave.h">
      <Filter>Header Files</Filter>
    </ClInclude>
    <ClInclude Include="GPUPartialWaveAnalysis.h">
      <Filter>Header Files</Filter>
    </ClInclude>
    <ClInclude Include="GPUPlotset.h">
      <Filter>Header Files</Filter>
    </ClInclude>
    <ClInclude Include="GPUPropagator.h">
      <Filter>Header Files</Filter>
    </ClInclude>
    <ClInclude Include="GPUPropagatorBreitWigner.h">
      <Filter>Header Files</Filter>
    </ClInclude>
    <ClInclude Include="GPUPWAAmplitudeCalculator.h">
      <Filter>Header Files</Filter>
    </ClInclude>
    <ClInclude Include="GPUPWACalculator.h">
      <Filter>Header Files</Filter>
    </ClInclude>
    <ClInclude Include="GPUPWAFreeCalculator.h">
      <Filter>Header Files</Filter>
    </ClInclude>
    <ClInclude Include="GPUSetOfPartialWaves.h">
      <Filter>Header Files</Filter>
    </ClInclude>
    <ClInclude Include="GPUStreamInputRootFileVector.h">
      <Filter>Header Files</Filter>
    </ClInclude>
    <ClInclude Include="GPUStreamInputTextFileVector.h">
      <Filter>Header Files</Filter>
    </ClInclude>
    <ClInclude Include="GPUStreamInputVector.h">
      <Filter>Header Files</Filter>
    </ClInclude>
    <ClInclude Include="GPUStreamTensor.h">
      <Filter>Header Files</Filter>
    </ClInclude>
    <ClInclude Include="GPUTensor.h">
      <Filter>Header Files</Filter>
    </ClInclude>
    <ClInclude Include="MnFunctionCross2.h">
      <Filter>Header Files</Filter>
    </ClInclude>
    <ClInclude Include="ParaCfg.h">
      <Filter>Header Files</Filter>
    </ClInclude>
    <ClInclude Include="ResCfg.h">
      <Filter>Header Files</Filter>
    </ClInclude>
    <ClInclude Include="Status.h">
      <Filter>Header Files</Filter>
    </ClInclude>
    <ClInclude Include="Analysis.h">
      <Filter>Header Files</Filter>
    </ClInclude>
    <ClInclude Include="Analysis_cpu.h">
      <Filter>Header Files</Filter>
    </ClInclude>
    <ClInclude Include="Complex.h">
      <Filter>Header Files</Filter>
    </ClInclude>
    <ClInclude Include="Complex_cpu.h">
      <Filter>Header Files</Filter>
    </ClInclude>
    <ClInclude Include="Contractions.h">
      <Filter>Header Files</Filter>
    </ClInclude>
    <ClInclude Include="Contractions_cpu.h">
      <Filter>Header Files</Filter>
    </ClInclude>
    <ClInclude Include="DeviceInterface.h">
      <Filter>Header Files</Filter>
    </ClInclude>
    <ClInclude Include="GPUAntisymmetricTensor.h">
      <Filter>Header Files</Filter>
    </ClInclude>
    <ClInclude Include="GPUBasicPropagator.h">
      <Filter>Header Files</Filter>
    </ClInclude>
    <ClInclude Include="GPUChi2FitConstraint.h">
      <Filter>Header Files</Filter>
    </ClInclude>
    <ClInclude Include="GPUChi2FrFitConstraint.h">
      <Filter>Header Files</Filter>
    </ClInclude>
    <ClInclude Include="GPUComputedPropagator.h">
      <Filter>Header Files</Filter>
    </ClInclude>
    <ClInclude Include="GPUDataDependentObjectType.h">
      <Filter>Header Files</Filter>
    </ClInclude>
    <ClInclude Include="GPUDynamicalFunctionPVector.h">
      <Filter>Header Files</Filter>
    </ClInclude>
    <ClInclude Include="GPUDynamicalSumBW.h">
      <Filter>Header Files</Filter>
    </ClInclude>
    <ClInclude Include="GPUFactorizedPartialWave.h">
      <Filter>Header Files</Filter>
    </ClInclude>
    <ClInclude Include="GPUFactorizedRadiativePartialWave.h">
      <Filter>Header Files</Filter>
    </ClInclude>
    <ClInclude Include="GPUFileTable.h">
      <Filter>Header Files</Filter>
    </ClInclude>
    <ClInclude Include="GPUFitConstraint.h">
      <Filter>Header Files</Filter>
    </ClInclude>
    <ClInclude Include="GPUFitConstraintList.h">
      <Filter>Header Files</Filter>
    </ClInclude>
    <ClInclude Include="GPUGPerpStreamContainer.h">
      <Filter>Header Files</Filter>
    </ClInclude>
    <ClInclude Include="GPUIndexStream.h">
      <Filter>Header Files</Filter>
    </ClInclude>
    <ClInclude Include="GPULookupTable.h">
      <Filter>Header Files</Filter>
    </ClInclude>
    <ClInclude Include="GPUMainMemoryLookupTable.h">
      <Filter>Header Files</Filter>
    </ClInclude>
    <ClInclude Include="GPUMinimizationHistory.h">
      <Filter>Header Files</Filter>
    </ClInclude>
    <ClInclude Include="GPUMinosMinimizationHistory.h">
      <Filter>Header Files</Filter>
    </ClInclude>
    <ClInclude Include="GPUParameterDependentObject.h">
      <Filter>Header Files</Filter>
    </ClInclude>
    <ClInclude Include="GPUPartialWaveLookupTable.h">
      <Filter>Header Files</Filter>
    </ClInclude>
    <ClInclude Include="GPUPropagatorA980.h">
      <Filter>Header Files</Filter>
    </ClInclude>
    <ClInclude Include="GPUPropagatorComBW.h">
      <Filter>Header Files</Filter>
    </ClInclude>
    <ClInclude Include="GPUPropagatorDerivative.h">
      <Filter>Header Files</Filter>
    </ClInclude>
    <ClInclude Include="GPUPropagatorFile.h">
      <Filter>Header Files</Filter>
    </ClInclude>
    <ClInclude Include="GPUPropagatorFlatte2.h">
      <Filter>Header Files</Filter>
    </ClInclude>
    <ClInclude Include="GPUPropagatorFlatte3.h">
      <Filter>Header Files</Filter>
    </ClInclude>
    <ClInclude Include="GPUPropagatorFlatte4.h">
      <Filter>Header Files</Filter>
    </ClInclude>
    <ClInclude Include="GPUPropagatorGaussian.h">
      <Filter>Header Files</Filter>
    </ClInclude>
    <ClInclude Include="GPUPropagatorMassDependentBreitWigner.h">
      <Filter>Header Files</Filter>
    </ClInclude>
    <ClInclude Include="GPUPropagatorSigma.h">
      <Filter>Header Files</Filter>
    </ClInclude>
    <ClInclude Include="GPUPropagatorType.h">
      <Filter>Header Files</Filter>
    </ClInclude>
    <ClInclude Include="GPURuncounter.h">
      <Filter>Header Files</Filter>
    </ClInclude>
    <ClInclude Include="GPUUnFactorizedPartialWave.h">
      <Filter>Header Files</Filter>
    </ClInclude>
    <ClInclude Include="GPUUnFactorizedRadiativePartialWave.h">
      <Filter>Header Files</Filter>
    </ClInclude>
    <ClInclude Include="KernelFile.h">
      <Filter>Header Files</Filter>
    </ClInclude>
    <ClInclude Include="Orbitals.h">
      <Filter>Header Files</Filter>
    </ClInclude>
    <ClInclude Include="Orbitals_cpu.h">
      <Filter>Header Files</Filter>
    </ClInclude>
    <ClInclude Include="PrepareKernels.h">
      <Filter>Header Files</Filter>
    </ClInclude>
    <ClInclude Include="Propagators.h">
      <Filter>Header Files</Filter>
    </ClInclude>
    <ClInclude Include="Propagators_cpu.h">
      <Filter>Header Files</Filter>
    </ClInclude>
    <ClInclude Include="Stream.h">
      <Filter>Header Files</Filter>
    </ClInclude>
    <ClInclude Include="Summing.h">
      <Filter>Header Files</Filter>
    </ClInclude>
    <ClInclude Include="Summing_cpu.h">
      <Filter>Header Files</Filter>
    </ClInclude>
    <ClInclude Include="Tensors.h">
      <Filter>Header Files</Filter>
    </ClInclude>
    <ClInclude Include="Tensors_cpu.h">
      <Filter>Header Files</Filter>
    </ClInclude>
    <ClInclude Include="vector_operators.h">
      <Filter>Header Files</Filter>
    </ClInclude>
    <ClInclude Include="unistd.h">
      <Filter>Header Files</Filter>
    </ClInclude>
  </ItemGroup>
  <ItemGroup>
    <Text Include="ReadMe.txt" />
  </ItemGroup>
</Project>